
Microsoft Visual Studio Solution File, Format Version 12.00
# Visual Studio 15
VisualStudioVersion = 15.0.28307.136
MinimumVisualStudioVersion = 10.0.40219.1
Project("{888888A0-9F3D-457C-B088-3A5042F75D52}") = "advent2015", "advent2015.pyproj", "{36246ADB-61FE-4145-8DB8-7B1DADA431A6}"
EndProject
Global
	GlobalSection(SolutionConfigurationPlatforms) = preSolution
		Debug|Any CPU = Debug|Any CPU
		Release|Any CPU = Release|Any CPU
	EndGlobalSection
	GlobalSection(ProjectConfigurationPlatforms) = postSolution
		{36246ADB-61FE-4145-8DB8-7B1DADA431A6}.Debug|Any CPU.ActiveCfg = Debug|Any CPU
		{36246ADB-61FE-4145-8DB8-7B1DADA431A6}.Release|Any CPU.ActiveCfg = Release|Any CPU
	EndGlobalSection
	GlobalSection(SolutionProperties) = preSolution
		HideSolutionNode = FALSE
	EndGlobalSection
	GlobalSection(ExtensibilityGlobals) = postSolution
		SolutionGuid = {12EE66B3-1296-44E9-BD67-F6E21E709CDB}
	EndGlobalSection
EndGlobal
